{
  "version": 4,
  "terraform_version": "1.1.6",
  "serial": 30,
  "lineage": "512e3b9c-2c6d-0ff9-3f68-ddea3dd46b00",
  "outputs": {
    "private_key": {
      "value": "-----BEGIN RSA PRIVATE KEY-----\nMIIEogIBAAKCAQEAv1B1NQqVjqw6/o1R8E/Z4oRo5Ad99YQB7YoOsacsr6gg74YR\n+O30HZMOb+plrjqIlS8RaRsSPmOt4F7T/CKQK2FxLMBtLWJsIry6A85Fh4Y3UQB9\n3w8aILS8p9aNdsnowi9kdBvpdwnnYkGjVRB5h+CQQEhby00g5yeJQM/zsD0p45Te\nz8RN8w0i+IejTw522jtuJJNS644IxudDqXM9t44U8UNqLAH4gJXwHtwxo1YU6KsQ\nNE1wiTLqKzMHwm+lt0mVktICvP4a96fzl8H17Cu/kOedEMwDTGCFvzzr6w0nPgjH\nbPm4CyImaMtaoycsOXMxzovdusJQ4iF/D2+FmwIDAQABAoIBACWnjVoiOit5pKbj\nY8Q7wzO9QfPXsaf4EnURXjEDKV1tZwYdyj3Hf+uuPQI0DU1MggNy3ydjx6R19Awc\nPfb7SorvQ9o+CX8MRyJTKP2ExNSWyx5rTVrw2wCi8hrKtM8zkFdgApKDx+DBF0SU\njLQ6aOEghuPQGhkaliZI9s/F3j3KhIwO/HRS0WTmFKeBQRnj6fqxXzBZCdFK2pL5\nmQp8UIBv/1mPmuoA/2m8dF9cq0QqKY8tAv1iiSDvLNlDfzxdcFCs7ex5xKIg3qQC\nP3JPaRwd89CkQ7qkt+5kEOmUkDU6yLY58A6xgX5iXiTWvrMQmTZZ+adRhmJyznzN\nohMk4DkCgYEAyZQaDeA27SyHvX5reowOh1a9MdWKdM3W7xb6TI6wzf/a1yiCcz6M\nhJoM1Xsz/5tMLfj98fUIoKB0/QqOx+Exrs34JiYleEfoYVFyqdYj8rvUlqJkxdiy\nh84NfoWBvh5bEX0VJpjSS/KZgDa+GnR20FnCYpnDKdzdoeZGMi6dZBcCgYEA8vb0\nKtWRWlnP9/PPgAEKI6h/9u5RcWkE9feHRX8dwBnPtJgXTqgoFTLEwq7ovl6Kg0zT\nCqGEtSqlZnrqnYS0S7GBQOBdh58R8Gh83YrIwOQb3CI/1OELPbWJj3V6wukTiE64\n4IDtK0eDYSAnBUggTrdwMGiUbs0twnYCa5C4qR0CgYBgS0KC/GfgttQFPr4DJaLP\nHi10/+iLUcVqI5TgO43UanPVMoHWobuooJqe5KL7aOlkULym+AHuEZixRHjenQIJ\n2lS/jJt7sQYebzUSUryLeRTd/KedJ55pZ5JkrUxEUOX6HcGb1YcoRrTzXbNEmfwk\nHazRQ1jKx7qMW5+O21vOcwKBgD+e7Pbeb65SAEQ0QqyJGSeXMtLtOsRQtKzXwUMw\ncxDfcWUfwlKlc8GBRsaX2Hgo92pETqrk+oQaA6+fFhpjKnb7pxXe6n7d52ulYLT+\nZ20jDiyJh19uAmyJQdkf8SJit+ukeYLIH9KKalufeLhIV7VlEWqLp/qPnaDjF+Uk\nw0X9AoGATr0yBiDXYf/3apfqLukI3D7GivomufR6yAl4DDGgZgmoTs0Ltb7Ah9zm\nJlYsUuS/AaHVysFp2fKhGrkcaIrbelejOivioDrWsokqneC2vIXiQlse3lj6+Ox3\nQLdvTjFj2TjvWMiiyuqfXKzQqeTU8X3DjDtfP2r/dUMhfY/JfOM=\n-----END RSA PRIVATE KEY-----\n",
      "type": "string",
      "sensitive": true
    },
    "public_ip_address_s1": {
      "value": "43.134.82.190",
      "type": "string"
    },
    "public_ip_address_s2": {
      "value": "43.134.2.129",
      "type": "string"
    },
    "public_key": {
      "value": "ssh-rsa AAAAB3NzaC1yc2EAAAADAQABAAABAQC/UHU1CpWOrDr+jVHwT9nihGjkB331hAHtig6xpyyvqCDvhhH47fQdkw5v6mWuOoiVLxFpGxI+Y63gXtP8IpArYXEswG0tYmwivLoDzkWHhjdRAH3fDxogtLyn1o12yejCL2R0G+l3CediQaNVEHmH4JBASFvLTSDnJ4lAz/OwPSnjlN7PxE3zDSL4h6NPDnbaO24kk1LrjgjG50Opcz23jhTxQ2osAfiAlfAe3DGjVhToqxA0TXCJMuorMwfCb6W3SZWS0gK8/hr3p/OXwfXsK7+Q550QzANMYIW/POvrDSc+CMds+bgLIiZoy1qjJyw5czHOi926wlDiIX8Pb4Wb\n",
      "type": "string"
    }
  },
  "resources": [
    {
      "mode": "data",
      "type": "tencentcloud_availability_regions",
      "name": "default",
      "provider": "provider[\"registry.terraform.io/tencentcloudstack/tencentcloud\"]",
      "instances": [
        {
          "schema_version": 0,
          "attributes": {
            "id": "3971861261",
            "include_unavailable": null,
            "name": null,
            "regions": [
              {
                "description": "South China(Guangzhou)",
                "name": "ap-guangzhou",
                "state": "AVAILABLE"
              },
              {
                "description": "East China(Shanghai)",
                "name": "ap-shanghai",
                "state": "AVAILABLE"
              },
              {
                "description": "East China(Jinan)",
                "name": "ap-jinan-ec",
                "state": "AVAILABLE"
              },
              {
                "description": "East China(Hangzhou)",
                "name": "ap-hangzhou-ec",
                "state": "AVAILABLE"
              },
              {
                "description": "East China(Nanjing)",
                "name": "ap-nanjing",
                "state": "AVAILABLE"
              },
              {
                "description": "East China(Fuzhou)",
                "name": "ap-fuzhou-ec",
                "state": "AVAILABLE"
              },
              {
                "description": "East China(Hefei)",
                "name": "ap-hefei-ec",
                "state": "AVAILABLE"
              },
              {
                "description": "North China region(Beijing)",
                "name": "ap-beijing",
                "state": "AVAILABLE"
              },
              {
                "description": "North China region(Shijiazhuang)",
                "name": "ap-shijiazhuang-ec",
                "state": "AVAILABLE"
              },
              {
                "description": "Central China(Wuhan)",
                "name": "ap-wuhan-ec",
                "state": "AVAILABLE"
              },
              {
                "description": "Central China(Changsha)",
                "name": "ap-changsha-ec",
                "state": "AVAILABLE"
              },
              {
                "description": "Central China(Zhengzhou)",
                "name": "ap-zhengzhou-ec",
                "state": "AVAILABLE"
              },
              {
                "description": "Southwest China(Chengdu)",
                "name": "ap-chengdu",
                "state": "AVAILABLE"
              },
              {
                "description": "Southwest China(Chongqing)",
                "name": "ap-chongqing",
                "state": "AVAILABLE"
              },
              {
                "description": "Northwest region(Xi'an)",
                "name": "ap-xian-ec",
                "state": "AVAILABLE"
              },
              {
                "description": "Northeast China(Shenyang)",
                "name": "ap-shenyang-ec",
                "state": "AVAILABLE"
              },
              {
                "description": "Hong Kong, Macau and Taiwan (China)(Hong Kong, China)",
                "name": "ap-hongkong",
                "state": "AVAILABLE"
              },
              {
                "description": "Hong Kong, Macau and Taiwan (China)(Taiwan, China)",
                "name": "ap-taipei",
                "state": "AVAILABLE"
              },
              {
                "description": "Northeast Asia(Seoul)",
                "name": "ap-seoul",
                "state": "AVAILABLE"
              },
              {
                "description": "Northeast Asia(Tokyo)",
                "name": "ap-tokyo",
                "state": "AVAILABLE"
              },
              {
                "description": "Southeast Asia(Singapore)",
                "name": "ap-singapore",
                "state": "AVAILABLE"
              },
              {
                "description": "Southeast Asia(Bangkok)",
                "name": "ap-bangkok",
                "state": "AVAILABLE"
              },
              {
                "description": "Southeast Asia(Jakarta)",
                "name": "ap-jakarta",
                "state": "AVAILABLE"
              },
              {
                "description": "US West(Silicon Valley)",
                "name": "na-siliconvalley",
                "state": "AVAILABLE"
              },
              {
                "description": "Europe(Frankfurt)",
                "name": "eu-frankfurt",
                "state": "AVAILABLE"
              },
              {
                "description": "Europe(Northeastern Europe)",
                "name": "eu-moscow",
                "state": "AVAILABLE"
              },
              {
                "description": "South Asia(Mumbai)",
                "name": "ap-mumbai",
                "state": "AVAILABLE"
              },
              {
                "description": "US East(Virginia)",
                "name": "na-ashburn",
                "state": "AVAILABLE"
              },
              {
                "description": "South America(São Paulo)",
                "name": "sa-saopaulo",
                "state": "AVAILABLE"
              },
              {
                "description": "North America(Toronto)",
                "name": "na-toronto",
                "state": "AVAILABLE"
              }
            ],
            "result_output_file": null
          },
          "sensitive_attributes": []
        }
      ]
    },
    {
      "mode": "data",
      "type": "tencentcloud_availability_zones_by_product",
      "name": "default",
      "provider": "provider[\"registry.terraform.io/tencentcloudstack/tencentcloud\"]",
      "instances": [
        {
          "schema_version": 0,
          "attributes": {
            "id": "2645191311",
            "include_unavailable": null,
            "name": null,
            "product": "cvm",
            "result_output_file": null,
            "zones": [
              {
                "description": "Singapore Zone 1",
                "id": "900001",
                "name": "ap-singapore-1",
                "state": "AVAILABLE"
              },
              {
                "description": "Singapore Zone 2",
                "id": "900002",
                "name": "ap-singapore-2",
                "state": "AVAILABLE"
              },
              {
                "description": "Singapore Zone 3",
                "id": "900003",
                "name": "ap-singapore-3",
                "state": "AVAILABLE"
              },
              {
                "description": "Singapore Zone 4",
                "id": "900004",
                "name": "ap-singapore-4",
                "state": "AVAILABLE"
              }
            ]
          },
          "sensitive_attributes": []
        }
      ]
    },
    {
      "mode": "data",
      "type": "tencentcloud_images",
      "name": "default",
      "provider": "provider[\"registry.terraform.io/tencentcloudstack/tencentcloud\"]",
      "instances": [
        {
          "schema_version": 0,
          "attributes": {
            "id": "3594578765",
            "image_id": null,
            "image_name_regex": null,
            "image_type": [
              "PUBLIC_IMAGE"
            ],
            "images": [
              {
                "architecture": "x86_64",
                "created_time": "",
                "image_creator": "",
                "image_description": "TencentOS Server 3.1 (TK4)",
                "image_id": "img-eb30mz89",
                "image_name": "TencentOS Server 3.1 (TK4)",
                "image_size": 10,
                "image_source": "OFFICIAL",
                "image_state": "NORMAL",
                "image_type": "PUBLIC_IMAGE",
                "os_name": "TencentOS Server 3.1 (TK4)",
                "platform": "TencentOS",
                "snapshots": [],
                "support_cloud_init": true,
                "sync_percent": 0
              },
              {
                "architecture": "x86_64",
                "created_time": "",
                "image_creator": "",
                "image_description": "TencentOS Server 2.4 (TK4)",
                "image_id": "img-9axl1k53",
                "image_name": "TencentOS Server 2.4 (TK4)",
                "image_size": 10,
                "image_source": "OFFICIAL",
                "image_state": "NORMAL",
                "image_type": "PUBLIC_IMAGE",
                "os_name": "TencentOS Server 2.4 (TK4)",
                "platform": "TencentOS",
                "snapshots": [],
                "support_cloud_init": true,
                "sync_percent": 0
              },
              {
                "architecture": "x86_64",
                "created_time": "",
                "image_creator": "",
                "image_description": "TencentOS Server 2.4",
                "image_id": "img-hdt9xxkt",
                "image_name": "TencentOS Server 2.4",
                "image_size": 10,
                "image_source": "OFFICIAL",
                "image_state": "NORMAL",
                "image_type": "PUBLIC_IMAGE",
                "os_name": "TencentOS Server 2.4",
                "platform": "TencentOS",
                "snapshots": [],
                "support_cloud_init": true,
                "sync_percent": 0
              },
              {
                "architecture": "arm",
                "created_time": "",
                "image_creator": "",
                "image_description": "TencentOS Server 2.4 for ARM64（TK4）",
                "image_id": "img-ieb3k16j",
                "image_name": "TencentOS Server 2.4 for ARM64（TK4）",
                "image_size": 9,
                "image_source": "OFFICIAL",
                "image_state": "NORMAL",
                "image_type": "PUBLIC_IMAGE",
                "os_name": "TencentOS Server 2.4 for ARM64（TK4）",
                "platform": "TencentOS",
                "snapshots": [],
                "support_cloud_init": true,
                "sync_percent": 0
              },
              {
                "architecture": "arm",
                "created_time": "",
                "image_creator": "",
                "image_description": "TencentOS Server 2.4 (ARM64)",
                "image_id": "img-l7xr2ilb",
                "image_name": "TencentOS Server 2.4 (ARM64)",
                "image_size": 9,
                "image_source": "OFFICIAL",
                "image_state": "NORMAL",
                "image_type": "PUBLIC_IMAGE",
                "os_name": "TencentOS Server 2.4 (ARM64)",
                "platform": "TencentOS",
                "snapshots": [],
                "support_cloud_init": true,
                "sync_percent": 0
              },
              {
                "architecture": "arm",
                "created_time": "",
                "image_creator": "",
                "image_description": "TencentOS Server 3.1 for ARM64 (TK4)",
                "image_id": "img-9a0eg8mt",
                "image_name": "TencentOS Server 3.1 for ARM64 (TK4)",
                "image_size": 9,
                "image_source": "OFFICIAL",
                "image_state": "NORMAL",
                "image_type": "PUBLIC_IMAGE",
                "os_name": "TencentOS Server 3.1 for ARM64 (TK4)",
                "platform": "TencentOS",
                "snapshots": [],
                "support_cloud_init": true,
                "sync_percent": 0
              },
              {
                "architecture": "x86_64",
                "created_time": "",
                "image_creator": "",
                "image_description": "CentOS Stream 9 64bit",
                "image_id": "img-9xqekomx",
                "image_name": "CentOS Stream 9 64bit",
                "image_size": 10,
                "image_source": "OFFICIAL",
                "image_state": "NORMAL",
                "image_type": "PUBLIC_IMAGE",
                "os_name": "CentOS Stream 9 64bit",
                "platform": "CentOS",
                "snapshots": [],
                "support_cloud_init": true,
                "sync_percent": 0
              },
              {
                "architecture": "x86_64",
                "created_time": "",
                "image_creator": "",
                "image_description": "CentOS Stream 8 64bit",
                "image_id": "img-8m9ugrip",
                "image_name": "CentOS Stream 8 64bit",
                "image_size": 10,
                "image_source": "OFFICIAL",
                "image_state": "NORMAL",
                "image_type": "PUBLIC_IMAGE",
                "os_name": "CentOS Stream 8 64bit",
                "platform": "CentOS",
                "snapshots": [],
                "support_cloud_init": true,
                "sync_percent": 0
              },
              {
                "architecture": "x86_64",
                "created_time": "",
                "image_creator": "",
                "image_description": "CentOS 8.4 64bit",
                "image_id": "img-l5eqiljn",
                "image_name": "CentOS 8.4 64bit",
                "image_size": 10,
                "image_source": "OFFICIAL",
                "image_state": "NORMAL",
                "image_type": "PUBLIC_IMAGE",
                "os_name": "CentOS 8.4 64bit",
                "platform": "CentOS",
                "snapshots": [],
                "support_cloud_init": true,
                "sync_percent": 0
              },
              {
                "architecture": "x86_64",
                "created_time": "",
                "image_creator": "",
                "image_description": "CentOS 8.2 64bit",
                "image_id": "img-n7nyt2d7",
                "image_name": "CentOS 8.2 64bit",
                "image_size": 10,
                "image_source": "OFFICIAL",
                "image_state": "NORMAL",
                "image_type": "PUBLIC_IMAGE",
                "os_name": "CentOS 8.2 64bit",
                "platform": "CentOS",
                "snapshots": [],
                "support_cloud_init": true,
                "sync_percent": 0
              },
              {
                "architecture": "arm",
                "created_time": "",
                "image_creator": "",
                "image_description": "CentOS 8.2(arm64)",
                "image_id": "img-n74hgdxx",
                "image_name": "CentOS 8.2(arm64)",
                "image_size": 8,
                "image_source": "OFFICIAL",
                "image_state": "NORMAL",
                "image_type": "PUBLIC_IMAGE",
                "os_name": "CentOS 8.2(arm64)",
                "platform": "CentOS",
                "snapshots": [],
                "support_cloud_init": true,
                "sync_percent": 0
              },
              {
                "architecture": "x86_64",
                "created_time": "",
                "image_creator": "",
                "image_description": "CentOS 8.0 64bit",
                "image_id": "img-25szkc8t",
                "image_name": "CentOS 8.0 64bit",
                "image_size": 10,
                "image_source": "OFFICIAL",
                "image_state": "NORMAL",
                "image_type": "PUBLIC_IMAGE",
                "os_name": "CentOS 8.0 64bit",
                "platform": "CentOS",
                "snapshots": [],
                "support_cloud_init": true,
                "sync_percent": 0
              },
              {
                "architecture": "x86_64",
                "created_time": "",
                "image_creator": "",
                "image_description": "CentOS 7.9 64bit",
                "image_id": "img-l8og963d",
                "image_name": "CentOS 7.9 64bit",
                "image_size": 10,
                "image_source": "OFFICIAL",
                "image_state": "NORMAL",
                "image_type": "PUBLIC_IMAGE",
                "os_name": "CentOS 7.9 64bit",
                "platform": "CentOS",
                "snapshots": [],
                "support_cloud_init": true,
                "sync_percent": 0
              },
              {
                "architecture": "arm",
                "created_time": "",
                "image_creator": "",
                "image_description": "CentOS 7.9(arm64)",
                "image_id": "img-50v2hx0z",
                "image_name": "CentOS 7.9(arm64)",
                "image_size": 10,
                "image_source": "OFFICIAL",
                "image_state": "NORMAL",
                "image_type": "PUBLIC_IMAGE",
                "os_name": "CentOS 7.9(arm64)",
                "platform": "CentOS",
                "snapshots": [],
                "support_cloud_init": true,
                "sync_percent": 0
              },
              {
                "architecture": "x86_64",
                "created_time": "",
                "image_creator": "",
                "image_description": "CentOS 7.8 64bit",
                "image_id": "img-3la7wgnt",
                "image_name": "CentOS 7.8 64bit",
                "image_size": 10,
                "image_source": "OFFICIAL",
                "image_state": "NORMAL",
                "image_type": "PUBLIC_IMAGE",
                "os_name": "CentOS 7.8 64bit",
                "platform": "CentOS",
                "snapshots": [],
                "support_cloud_init": true,
                "sync_percent": 0
              },
              {
                "architecture": "x86_64",
                "created_time": "",
                "image_creator": "",
                "image_description": "CentOS 7.7 64bit",
                "image_id": "img-1u6l2i9l",
                "image_name": "CentOS 7.7 64bit",
                "image_size": 10,
                "image_source": "OFFICIAL",
                "image_state": "NORMAL",
                "image_type": "PUBLIC_IMAGE",
                "os_name": "CentOS 7.7 64bit",
                "platform": "CentOS",
                "snapshots": [],
                "support_cloud_init": true,
                "sync_percent": 0
              },
              {
                "architecture": "x86_64",
                "created_time": "",
                "image_creator": "",
                "image_description": "CentOS 7.6 64bit",
                "image_id": "img-9qabwvbn",
                "image_name": "CentOS 7.6 64bit",
                "image_size": 10,
                "image_source": "OFFICIAL",
                "image_state": "NORMAL",
                "image_type": "PUBLIC_IMAGE",
                "os_name": "CentOS 7.6 64bit",
                "platform": "CentOS",
                "snapshots": [],
                "support_cloud_init": true,
                "sync_percent": 0
              },
              {
                "architecture": "x86_64",
                "created_time": "",
                "image_creator": "",
                "image_description": "CentOS 7.5 64bit",
                "image_id": "img-oikl1tzv",
                "image_name": "CentOS 7.5 64bit",
                "image_size": 20,
                "image_source": "OFFICIAL",
                "image_state": "NORMAL",
                "image_type": "PUBLIC_IMAGE",
                "os_name": "CentOS 7.5 64bit",
                "platform": "CentOS",
                "snapshots": [],
                "support_cloud_init": true,
                "sync_percent": 0
              },
              {
                "architecture": "x86_64",
                "created_time": "",
                "image_creator": "",
                "image_description": "CentOS 7.4 64bit",
                "image_id": "img-8toqc6s3",
                "image_name": "CentOS 7.4 64bit",
                "image_size": 20,
                "image_source": "OFFICIAL",
                "image_state": "NORMAL",
                "image_type": "PUBLIC_IMAGE",
                "os_name": "CentOS 7.4 64bit",
                "platform": "CentOS",
                "snapshots": [],
                "support_cloud_init": true,
                "sync_percent": 0
              },
              {
                "architecture": "arm",
                "created_time": "",
                "image_creator": "",
                "image_description": "CentOS 7.4(arm64)",
                "image_id": "img-k4xgkxa5",
                "image_name": "CentOS 7.4(arm64)",
                "image_size": 10,
                "image_source": "OFFICIAL",
                "image_state": "NORMAL",
                "image_type": "PUBLIC_IMAGE",
                "os_name": "CentOS 7.4(arm64)",
                "platform": "CentOS",
                "snapshots": [],
                "support_cloud_init": true,
                "sync_percent": 0
              },
              {
                "architecture": "x86_64",
                "created_time": "",
                "image_creator": "",
                "image_description": "CentOS 7.3 64bit",
                "image_id": "img-dkwyg6sr",
                "image_name": "CentOS 7.3 64bit",
                "image_size": 20,
                "image_source": "OFFICIAL",
                "image_state": "NORMAL",
                "image_type": "PUBLIC_IMAGE",
                "os_name": "CentOS 7.3 64bit",
                "platform": "CentOS",
                "snapshots": [],
                "support_cloud_init": true,
                "sync_percent": 0
              },
              {
                "architecture": "x86_64",
                "created_time": "",
                "image_creator": "",
                "image_description": "CentOS 7.2 64bit",
                "image_id": "img-31tjrtph",
                "image_name": "CentOS 7.2 64bit",
                "image_size": 20,
                "image_source": "OFFICIAL",
                "image_state": "NORMAL",
                "image_type": "PUBLIC_IMAGE",
                "os_name": "CentOS 7.2 64bit",
                "platform": "CentOS",
                "snapshots": [],
                "support_cloud_init": true,
                "sync_percent": 0
              },
              {
                "architecture": "x86_64",
                "created_time": "",
                "image_creator": "",
                "image_description": "CentOS 6.9 64bit",
                "image_id": "img-p30m9fpn",
                "image_name": "CentOS 6.9 64bit",
                "image_size": 20,
                "image_source": "OFFICIAL",
                "image_state": "NORMAL",
                "image_type": "PUBLIC_IMAGE",
                "os_name": "CentOS 6.9 64bit",
                "platform": "CentOS",
                "snapshots": [],
                "support_cloud_init": true,
                "sync_percent": 0
              },
              {
                "architecture": "i386",
                "created_time": "",
                "image_creator": "",
                "image_description": "CentOS 6.9 32bit",
                "image_id": "img-dnext3bd",
                "image_name": "CentOS 6.9 32bit",
                "image_size": 20,
                "image_source": "OFFICIAL",
                "image_state": "NORMAL",
                "image_type": "PUBLIC_IMAGE",
                "os_name": "CentOS 6.9 32bit",
                "platform": "CentOS",
                "snapshots": [],
                "support_cloud_init": true,
                "sync_percent": 0
              },
              {
                "architecture": "x86_64",
                "created_time": "",
                "image_creator": "",
                "image_description": "CentOS 6.8 64bit",
                "image_id": "img-6ns5om13",
                "image_name": "CentOS 6.8 64bit",
                "image_size": 20,
                "image_source": "OFFICIAL",
                "image_state": "NORMAL",
                "image_type": "PUBLIC_IMAGE",
                "os_name": "CentOS 6.8 64bit",
                "platform": "CentOS",
                "snapshots": [],
                "support_cloud_init": true,
                "sync_percent": 0
              },
              {
                "architecture": "x86_64",
                "created_time": "",
                "image_creator": "",
                "image_description": "CentOS 6.10 64bit",
                "image_id": "img-fizif873",
                "image_name": "CentOS 6.10 64bit",
                "image_size": 10,
                "image_source": "OFFICIAL",
                "image_state": "NORMAL",
                "image_type": "PUBLIC_IMAGE",
                "os_name": "CentOS 6.10 64bit",
                "platform": "CentOS",
                "snapshots": [],
                "support_cloud_init": true,
                "sync_percent": 0
              },
              {
                "architecture": "x86_64",
                "created_time": "",
                "image_creator": "",
                "image_description": "CentOS 8.3 64bit",
                "image_id": "img-5w4qozfr",
                "image_name": "CentOS 8.3 64bit",
                "image_size": 10,
                "image_source": "OFFICIAL",
                "image_state": "NORMAL",
                "image_type": "PUBLIC_IMAGE",
                "os_name": "CentOS 8.3 64bit",
                "platform": "CentOS",
                "snapshots": [],
                "support_cloud_init": true,
                "sync_percent": 0
              },
              {
                "architecture": "x86_64",
                "created_time": "",
                "image_creator": "",
                "image_description": "CentOS 8.0 64bit GRID11.1",
                "image_id": "img-8exqoign",
                "image_name": "CentOS 8.0 64bit GRID11.1",
                "image_size": 10,
                "image_source": "OFFICIAL",
                "image_state": "NORMAL",
                "image_type": "PUBLIC_IMAGE",
                "os_name": "CentOS 8.0 64bit GRID11.1",
                "platform": "CentOS",
                "snapshots": [],
                "support_cloud_init": true,
                "sync_percent": 0
              }
            ],
            "os_name": "centos",
            "result_output_file": null
          },
          "sensitive_attributes": []
        }
      ]
    },
    {
      "mode": "data",
      "type": "tencentcloud_instance_types",
      "name": "default",
      "provider": "provider[\"registry.terraform.io/tencentcloudstack/tencentcloud\"]",
      "instances": [
        {
          "schema_version": 0,
          "attributes": {
            "availability_zone": null,
            "cpu_core_count": 2,
            "exclude_sold_out": false,
            "filter": [
              {
                "name": "instance-family",
                "values": [
                  "S5"
                ]
              },
              {
                "name": "zone",
                "values": [
                  "ap-singapore-1"
                ]
              }
            ],
            "gpu_core_count": null,
            "id": "3370139381",
            "instance_types": [
              {
                "availability_zone": "ap-singapore-1",
                "cpu_core_count": 2,
                "family": "S5",
                "gpu_core_count": 0,
                "instance_charge_type": "PREPAID",
                "instance_type": "S5.MEDIUM4",
                "memory_size": 4,
                "status": "SELL"
              },
              {
                "availability_zone": "ap-singapore-1",
                "cpu_core_count": 2,
                "family": "S5",
                "gpu_core_count": 0,
                "instance_charge_type": "POSTPAID_BY_HOUR",
                "instance_type": "S5.MEDIUM4",
                "memory_size": 4,
                "status": "SELL"
              },
              {
                "availability_zone": "ap-singapore-1",
                "cpu_core_count": 2,
                "family": "S5",
                "gpu_core_count": 0,
                "instance_charge_type": "SPOTPAID",
                "instance_type": "S5.MEDIUM4",
                "memory_size": 4,
                "status": "SOLD_OUT"
              }
            ],
            "memory_size": 4,
            "result_output_file": null
          },
          "sensitive_attributes": []
        }
      ]
    },
    {
      "mode": "managed",
      "type": "tencentcloud_instance",
      "name": "demo-ec2-instance-with-key",
      "provider": "provider[\"registry.terraform.io/tencentcloudstack/tencentcloud\"]",
      "instances": [
        {
          "index_key": 0,
          "schema_version": 0,
          "attributes": {
            "allocate_public_ip": true,
            "availability_zone": "ap-singapore-1",
            "bandwidth_package_id": null,
            "cam_role_name": "",
            "cdh_host_id": null,
            "cdh_instance_type": null,
            "create_time": "2022-04-25T10:13:23Z",
            "data_disks": [
              {
                "data_disk_id": "disk-6glfu7mw",
                "data_disk_size": 50,
                "data_disk_snapshot_id": "",
                "data_disk_type": "CLOUD_PREMIUM",
                "delete_with_instance": true,
                "encrypt": false,
                "throughput_performance": 0
              }
            ],
            "disable_monitor_service": false,
            "disable_security_service": false,
            "expired_time": "",
            "force_delete": false,
            "hostname": null,
            "id": "ins-2k0ro8e8",
            "image_id": "img-eb30mz89",
            "instance_charge_type": "POSTPAID_BY_HOUR",
            "instance_charge_type_prepaid_period": null,
            "instance_charge_type_prepaid_renew_flag": "",
            "instance_count": null,
            "instance_name": "william_tf-demo-ec2-instance-with-key",
            "instance_status": "RUNNING",
            "instance_type": "S5.MEDIUM4",
            "internet_charge_type": "TRAFFIC_POSTPAID_BY_HOUR",
            "internet_max_bandwidth_out": 2,
            "keep_image_login": null,
            "key_name": "skey-k19hemcf",
            "password": null,
            "placement_group_id": null,
            "private_ip": "10.0.1.11",
            "project_id": 0,
            "public_ip": "43.134.82.190",
            "running_flag": true,
            "security_groups": [
              "sg-4mecpiyg"
            ],
            "spot_instance_type": null,
            "spot_max_price": null,
            "stopped_mode": null,
            "subnet_id": "subnet-a6ku22fa",
            "system_disk_id": "disk-60u79ue8",
            "system_disk_size": 50,
            "system_disk_type": "CLOUD_PREMIUM",
            "tags": {
              "Department": "devops",
              "Name": "william_tf-demo-ec2-instance-with-key",
              "Owner": "william.yang@hashicorp.com",
              "Purpose": "demo for terraform features",
              "TTL": "168"
            },
            "user_data": null,
            "user_data_raw": null,
            "vpc_id": "vpc-9xt51ab9"
          },
          "sensitive_attributes": [],
          "private": "bnVsbA==",
          "dependencies": [
            "data.tencentcloud_availability_zones_by_product.default",
            "data.tencentcloud_images.default",
            "tencentcloud_key_pair.demo-key-pair",
            "tencentcloud_subnet.app",
            "tencentcloud_vpc.app",
            "tls_private_key.tlskey"
          ]
        },
        {
          "index_key": 1,
          "schema_version": 0,
          "attributes": {
            "allocate_public_ip": true,
            "availability_zone": "ap-singapore-1",
            "bandwidth_package_id": null,
            "cam_role_name": "",
            "cdh_host_id": null,
            "cdh_instance_type": null,
            "create_time": "2022-04-25T10:13:27Z",
            "data_disks": [
              {
                "data_disk_id": "disk-86bftwaq",
                "data_disk_size": 50,
                "data_disk_snapshot_id": "",
                "data_disk_type": "CLOUD_PREMIUM",
                "delete_with_instance": true,
                "encrypt": false,
                "throughput_performance": 0
              }
            ],
            "disable_monitor_service": false,
            "disable_security_service": false,
            "expired_time": "",
            "force_delete": false,
            "hostname": null,
            "id": "ins-5xyb6njg",
            "image_id": "img-eb30mz89",
            "instance_charge_type": "POSTPAID_BY_HOUR",
            "instance_charge_type_prepaid_period": null,
            "instance_charge_type_prepaid_renew_flag": "",
            "instance_count": null,
            "instance_name": "william_tf-demo-ec2-instance-with-key",
            "instance_status": "RUNNING",
            "instance_type": "S5.MEDIUM4",
            "internet_charge_type": "TRAFFIC_POSTPAID_BY_HOUR",
            "internet_max_bandwidth_out": 2,
            "keep_image_login": null,
            "key_name": "skey-k19hemcf",
            "password": null,
            "placement_group_id": null,
            "private_ip": "10.0.1.8",
            "project_id": 0,
            "public_ip": "43.134.2.129",
            "running_flag": true,
            "security_groups": [
              "sg-4mecpiyg"
            ],
            "spot_instance_type": null,
            "spot_max_price": null,
            "stopped_mode": null,
            "subnet_id": "subnet-a6ku22fa",
            "system_disk_id": "disk-m0yu1dz4",
            "system_disk_size": 50,
            "system_disk_type": "CLOUD_PREMIUM",
            "tags": {
              "Department": "devops",
              "Name": "william_tf-demo-ec2-instance-with-key",
              "Owner": "william.yang@hashicorp.com",
              "Purpose": "demo for terraform features",
              "TTL": "168"
            },
            "user_data": null,
            "user_data_raw": null,
            "vpc_id": "vpc-9xt51ab9"
          },
          "sensitive_attributes": [],
          "private": "bnVsbA==",
          "dependencies": [
            "data.tencentcloud_availability_zones_by_product.default",
            "data.tencentcloud_images.default",
            "tencentcloud_key_pair.demo-key-pair",
            "tencentcloud_subnet.app",
            "tencentcloud_vpc.app",
            "tls_private_key.tlskey"
          ]
        }
      ]
    },
    {
      "mode": "managed",
      "type": "tencentcloud_key_pair",
      "name": "demo-key-pair",
      "provider": "provider[\"registry.terraform.io/tencentcloudstack/tencentcloud\"]",
      "instances": [
        {
          "schema_version": 0,
          "attributes": {
            "id": "skey-k19hemcf",
            "key_name": "william_tf_demo_key",
            "project_id": 0,
            "public_key": "ssh-rsa AAAAB3NzaC1yc2EAAAADAQABAAABAQC/UHU1CpWOrDr+jVHwT9nihGjkB331hAHtig6xpyyvqCDvhhH47fQdkw5v6mWuOoiVLxFpGxI+Y63gXtP8IpArYXEswG0tYmwivLoDzkWHhjdRAH3fDxogtLyn1o12yejCL2R0G+l3CediQaNVEHmH4JBASFvLTSDnJ4lAz/OwPSnjlN7PxE3zDSL4h6NPDnbaO24kk1LrjgjG50Opcz23jhTxQ2osAfiAlfAe3DGjVhToqxA0TXCJMuorMwfCb6W3SZWS0gK8/hr3p/OXwfXsK7+Q550QzANMYIW/POvrDSc+CMds+bgLIiZoy1qjJyw5czHOi926wlDiIX8Pb4Wb"
          },
          "sensitive_attributes": [],
          "private": "bnVsbA==",
          "dependencies": [
            "tls_private_key.tlskey"
          ]
        }
      ]
    },
    {
      "mode": "managed",
      "type": "tencentcloud_subnet",
      "name": "app",
      "provider": "provider[\"registry.terraform.io/tencentcloudstack/tencentcloud\"]",
      "instances": [
        {
          "schema_version": 0,
          "attributes": {
            "availability_zone": "ap-singapore-1",
            "available_ip_count": 251,
            "cidr_block": "10.0.1.0/24",
            "create_time": "2022-04-25 18:13:08",
            "id": "subnet-a6ku22fa",
            "is_default": false,
            "is_multicast": true,
            "name": "william_tf_app_subnet",
            "route_table_id": "rtb-0l90y3q6",
            "tags": {},
            "vpc_id": "vpc-9xt51ab9"
          },
          "sensitive_attributes": [],
          "private": "bnVsbA==",
          "dependencies": [
            "data.tencentcloud_availability_zones_by_product.default",
            "tencentcloud_vpc.app"
          ]
        }
      ]
    },
    {
      "mode": "managed",
      "type": "tencentcloud_vpc",
      "name": "app",
      "provider": "provider[\"registry.terraform.io/tencentcloudstack/tencentcloud\"]",
      "instances": [
        {
          "schema_version": 0,
          "attributes": {
            "assistant_cidrs": [],
            "cidr_block": "10.0.0.0/16",
            "create_time": "2022-04-25 18:13:07",
            "default_route_table_id": "rtb-0l90y3q6",
            "dns_servers": [
              "183.60.82.98",
              "183.60.83.19"
            ],
            "id": "vpc-9xt51ab9",
            "is_default": false,
            "is_multicast": true,
            "name": "william_tf_app_vpc",
            "tags": {}
          },
          "sensitive_attributes": [],
          "private": "bnVsbA=="
        }
      ]
    },
    {
      "mode": "managed",
      "type": "tls_private_key",
      "name": "tlskey",
      "provider": "provider[\"registry.terraform.io/hashicorp/tls\"]",
      "instances": [
        {
          "schema_version": 0,
          "attributes": {
            "algorithm": "RSA",
            "ecdsa_curve": "P224",
            "id": "c3c0e3065bfa55971bdcf77fb740b64c852be1a1",
            "private_key_openssh": "-----BEGIN OPENSSH PRIVATE KEY-----\nb3BlbnNzaC1rZXktdjEAAAAABG5vbmUAAAAEbm9uZQAAAAAAAAABAAABFwAAAAdz\nc2gtcnNhAAAAAwEAAQAAAQEAv1B1NQqVjqw6/o1R8E/Z4oRo5Ad99YQB7YoOsacs\nr6gg74YR+O30HZMOb+plrjqIlS8RaRsSPmOt4F7T/CKQK2FxLMBtLWJsIry6A85F\nh4Y3UQB93w8aILS8p9aNdsnowi9kdBvpdwnnYkGjVRB5h+CQQEhby00g5yeJQM/z\nsD0p45Tez8RN8w0i+IejTw522jtuJJNS644IxudDqXM9t44U8UNqLAH4gJXwHtwx\no1YU6KsQNE1wiTLqKzMHwm+lt0mVktICvP4a96fzl8H17Cu/kOedEMwDTGCFvzzr\n6w0nPgjHbPm4CyImaMtaoycsOXMxzovdusJQ4iF/D2+FmwAAA7jYB0FD2AdBQwAA\nAAdzc2gtcnNhAAABAQC/UHU1CpWOrDr+jVHwT9nihGjkB331hAHtig6xpyyvqCDv\nhhH47fQdkw5v6mWuOoiVLxFpGxI+Y63gXtP8IpArYXEswG0tYmwivLoDzkWHhjdR\nAH3fDxogtLyn1o12yejCL2R0G+l3CediQaNVEHmH4JBASFvLTSDnJ4lAz/OwPSnj\nlN7PxE3zDSL4h6NPDnbaO24kk1LrjgjG50Opcz23jhTxQ2osAfiAlfAe3DGjVhTo\nqxA0TXCJMuorMwfCb6W3SZWS0gK8/hr3p/OXwfXsK7+Q550QzANMYIW/POvrDSc+\nCMds+bgLIiZoy1qjJyw5czHOi926wlDiIX8Pb4WbAAAAAwEAAQAAAQAlp41aIjor\neaSm42PEO8MzvUHz17Gn+BJ1EV4xAyldbWcGHco9x3/rrj0CNA1NTIIDct8nY8ek\ndfQMHD32+0qK70PaPgl/DEciUyj9hMTUlssea01a8NsAovIayrTPM5BXYAKSg8fg\nwRdElIy0OmjhIIbj0BoZGpYmSPbPxd49yoSMDvx0UtFk5hSngUEZ4+n6sV8wWQnR\nStqS+ZkKfFCAb/9Zj5rqAP9pvHRfXKtEKimPLQL9Yokg7yzZQ388XXBQrO3secSi\nIN6kAj9yT2kcHfPQpEO6pLfuZBDplJA1Osi2OfAOsYF+Yl4k1r6zEJk2WfmnUYZi\ncs58zaITJOA5AAAAgE69MgYg12H/92qX6i7pCNw+xor6Jrn0esgJeAwxoGYJqE7N\nC7W+wIfc5iZWLFLkvwGh1crBadnyoRq5HGiK23pXozor4qA61rKJKp3gtryF4kJb\nHt5Y+vjsd0C3b04xY9k471jIosrqn1ys0Knk1PF9w4w7Xz9q/3VDIX2PyXzjAAAA\ngQDJlBoN4DbtLIe9fmt6jA6HVr0x1Yp0zdbvFvpMjrDN/9rXKIJzPoyEmgzVezP/\nm0wt+P3x9QigoHT9Co7H4TGuzfgmJiV4R+hhUXKp1iPyu9SWomTF2LKHzg1+hYG+\nHlsRfRUmmNJL8pmANr4adHbQWcJimcMp3N2h5kYyLp1kFwAAAIEA8vb0KtWRWlnP\n9/PPgAEKI6h/9u5RcWkE9feHRX8dwBnPtJgXTqgoFTLEwq7ovl6Kg0zTCqGEtSql\nZnrqnYS0S7GBQOBdh58R8Gh83YrIwOQb3CI/1OELPbWJj3V6wukTiE644IDtK0eD\nYSAnBUggTrdwMGiUbs0twnYCa5C4qR0AAAAAAQID\n-----END OPENSSH PRIVATE KEY-----\n",
            "private_key_pem": "-----BEGIN RSA PRIVATE KEY-----\nMIIEogIBAAKCAQEAv1B1NQqVjqw6/o1R8E/Z4oRo5Ad99YQB7YoOsacsr6gg74YR\n+O30HZMOb+plrjqIlS8RaRsSPmOt4F7T/CKQK2FxLMBtLWJsIry6A85Fh4Y3UQB9\n3w8aILS8p9aNdsnowi9kdBvpdwnnYkGjVRB5h+CQQEhby00g5yeJQM/zsD0p45Te\nz8RN8w0i+IejTw522jtuJJNS644IxudDqXM9t44U8UNqLAH4gJXwHtwxo1YU6KsQ\nNE1wiTLqKzMHwm+lt0mVktICvP4a96fzl8H17Cu/kOedEMwDTGCFvzzr6w0nPgjH\nbPm4CyImaMtaoycsOXMxzovdusJQ4iF/D2+FmwIDAQABAoIBACWnjVoiOit5pKbj\nY8Q7wzO9QfPXsaf4EnURXjEDKV1tZwYdyj3Hf+uuPQI0DU1MggNy3ydjx6R19Awc\nPfb7SorvQ9o+CX8MRyJTKP2ExNSWyx5rTVrw2wCi8hrKtM8zkFdgApKDx+DBF0SU\njLQ6aOEghuPQGhkaliZI9s/F3j3KhIwO/HRS0WTmFKeBQRnj6fqxXzBZCdFK2pL5\nmQp8UIBv/1mPmuoA/2m8dF9cq0QqKY8tAv1iiSDvLNlDfzxdcFCs7ex5xKIg3qQC\nP3JPaRwd89CkQ7qkt+5kEOmUkDU6yLY58A6xgX5iXiTWvrMQmTZZ+adRhmJyznzN\nohMk4DkCgYEAyZQaDeA27SyHvX5reowOh1a9MdWKdM3W7xb6TI6wzf/a1yiCcz6M\nhJoM1Xsz/5tMLfj98fUIoKB0/QqOx+Exrs34JiYleEfoYVFyqdYj8rvUlqJkxdiy\nh84NfoWBvh5bEX0VJpjSS/KZgDa+GnR20FnCYpnDKdzdoeZGMi6dZBcCgYEA8vb0\nKtWRWlnP9/PPgAEKI6h/9u5RcWkE9feHRX8dwBnPtJgXTqgoFTLEwq7ovl6Kg0zT\nCqGEtSqlZnrqnYS0S7GBQOBdh58R8Gh83YrIwOQb3CI/1OELPbWJj3V6wukTiE64\n4IDtK0eDYSAnBUggTrdwMGiUbs0twnYCa5C4qR0CgYBgS0KC/GfgttQFPr4DJaLP\nHi10/+iLUcVqI5TgO43UanPVMoHWobuooJqe5KL7aOlkULym+AHuEZixRHjenQIJ\n2lS/jJt7sQYebzUSUryLeRTd/KedJ55pZ5JkrUxEUOX6HcGb1YcoRrTzXbNEmfwk\nHazRQ1jKx7qMW5+O21vOcwKBgD+e7Pbeb65SAEQ0QqyJGSeXMtLtOsRQtKzXwUMw\ncxDfcWUfwlKlc8GBRsaX2Hgo92pETqrk+oQaA6+fFhpjKnb7pxXe6n7d52ulYLT+\nZ20jDiyJh19uAmyJQdkf8SJit+ukeYLIH9KKalufeLhIV7VlEWqLp/qPnaDjF+Uk\nw0X9AoGATr0yBiDXYf/3apfqLukI3D7GivomufR6yAl4DDGgZgmoTs0Ltb7Ah9zm\nJlYsUuS/AaHVysFp2fKhGrkcaIrbelejOivioDrWsokqneC2vIXiQlse3lj6+Ox3\nQLdvTjFj2TjvWMiiyuqfXKzQqeTU8X3DjDtfP2r/dUMhfY/JfOM=\n-----END RSA PRIVATE KEY-----\n",
            "public_key_fingerprint_md5": "eb:d5:1e:c3:57:cb:5b:6e:f9:af:f4:0f:42:d5:cd:3a",
            "public_key_fingerprint_sha256": "SHA256:c+Lgrko1dgQ1+Sseu3wDn7vF6oms18zUu8fv8bRA3s0",
            "public_key_openssh": "ssh-rsa AAAAB3NzaC1yc2EAAAADAQABAAABAQC/UHU1CpWOrDr+jVHwT9nihGjkB331hAHtig6xpyyvqCDvhhH47fQdkw5v6mWuOoiVLxFpGxI+Y63gXtP8IpArYXEswG0tYmwivLoDzkWHhjdRAH3fDxogtLyn1o12yejCL2R0G+l3CediQaNVEHmH4JBASFvLTSDnJ4lAz/OwPSnjlN7PxE3zDSL4h6NPDnbaO24kk1LrjgjG50Opcz23jhTxQ2osAfiAlfAe3DGjVhToqxA0TXCJMuorMwfCb6W3SZWS0gK8/hr3p/OXwfXsK7+Q550QzANMYIW/POvrDSc+CMds+bgLIiZoy1qjJyw5czHOi926wlDiIX8Pb4Wb\n",
            "public_key_pem": "-----BEGIN PUBLIC KEY-----\nMIIBIjANBgkqhkiG9w0BAQEFAAOCAQ8AMIIBCgKCAQEAv1B1NQqVjqw6/o1R8E/Z\n4oRo5Ad99YQB7YoOsacsr6gg74YR+O30HZMOb+plrjqIlS8RaRsSPmOt4F7T/CKQ\nK2FxLMBtLWJsIry6A85Fh4Y3UQB93w8aILS8p9aNdsnowi9kdBvpdwnnYkGjVRB5\nh+CQQEhby00g5yeJQM/zsD0p45Tez8RN8w0i+IejTw522jtuJJNS644IxudDqXM9\nt44U8UNqLAH4gJXwHtwxo1YU6KsQNE1wiTLqKzMHwm+lt0mVktICvP4a96fzl8H1\n7Cu/kOedEMwDTGCFvzzr6w0nPgjHbPm4CyImaMtaoycsOXMxzovdusJQ4iF/D2+F\nmwIDAQAB\n-----END PUBLIC KEY-----\n",
            "rsa_bits": 2048
          },
          "sensitive_attributes": [],
          "private": "bnVsbA=="
        }
      ]
    }
  ]
}
