{
  "version": 4,
  "terraform_version": "1.1.6",
  "serial": 36,
  "lineage": "2a7c02e6-1230-ae99-9b4f-106aa13f5ea4",
  "outputs": {
    "catapp_ip": {
      "value": "http://43.133.36.207",
      "type": "string"
    }
  },
  "resources": [
    {
      "mode": "data",
      "type": "tencentcloud_availability_regions",
      "name": "default",
      "provider": "provider[\"registry.terraform.io/tencentcloudstack/tencentcloud\"]",
      "instances": [
        {
          "schema_version": 0,
          "attributes": {
            "id": "3971861261",
            "include_unavailable": null,
            "name": null,
            "regions": [
              {
                "description": "South China(Guangzhou)",
                "name": "ap-guangzhou",
                "state": "AVAILABLE"
              },
              {
                "description": "East China(Shanghai)",
                "name": "ap-shanghai",
                "state": "AVAILABLE"
              },
              {
                "description": "East China(Jinan)",
                "name": "ap-jinan-ec",
                "state": "AVAILABLE"
              },
              {
                "description": "East China(Hangzhou)",
                "name": "ap-hangzhou-ec",
                "state": "AVAILABLE"
              },
              {
                "description": "East China(Nanjing)",
                "name": "ap-nanjing",
                "state": "AVAILABLE"
              },
              {
                "description": "East China(Fuzhou)",
                "name": "ap-fuzhou-ec",
                "state": "AVAILABLE"
              },
              {
                "description": "East China(Hefei)",
                "name": "ap-hefei-ec",
                "state": "AVAILABLE"
              },
              {
                "description": "North China region(Beijing)",
                "name": "ap-beijing",
                "state": "AVAILABLE"
              },
              {
                "description": "North China region(Shijiazhuang)",
                "name": "ap-shijiazhuang-ec",
                "state": "AVAILABLE"
              },
              {
                "description": "Central China(Wuhan)",
                "name": "ap-wuhan-ec",
                "state": "AVAILABLE"
              },
              {
                "description": "Central China(Changsha)",
                "name": "ap-changsha-ec",
                "state": "AVAILABLE"
              },
              {
                "description": "Central China(Zhengzhou)",
                "name": "ap-zhengzhou-ec",
                "state": "AVAILABLE"
              },
              {
                "description": "Southwest China(Chengdu)",
                "name": "ap-chengdu",
                "state": "AVAILABLE"
              },
              {
                "description": "Southwest China(Chongqing)",
                "name": "ap-chongqing",
                "state": "AVAILABLE"
              },
              {
                "description": "Northwest region(Xi'an)",
                "name": "ap-xian-ec",
                "state": "AVAILABLE"
              },
              {
                "description": "Northeast China(Shenyang)",
                "name": "ap-shenyang-ec",
                "state": "AVAILABLE"
              },
              {
                "description": "Hong Kong, Macau and Taiwan (China)(Hong Kong, China)",
                "name": "ap-hongkong",
                "state": "AVAILABLE"
              },
              {
                "description": "Hong Kong, Macau and Taiwan (China)(Taiwan, China)",
                "name": "ap-taipei",
                "state": "AVAILABLE"
              },
              {
                "description": "Northeast Asia(Seoul)",
                "name": "ap-seoul",
                "state": "AVAILABLE"
              },
              {
                "description": "Northeast Asia(Tokyo)",
                "name": "ap-tokyo",
                "state": "AVAILABLE"
              },
              {
                "description": "Southeast Asia(Singapore)",
                "name": "ap-singapore",
                "state": "AVAILABLE"
              },
              {
                "description": "Southeast Asia(Bangkok)",
                "name": "ap-bangkok",
                "state": "AVAILABLE"
              },
              {
                "description": "Southeast Asia(Jakarta)",
                "name": "ap-jakarta",
                "state": "AVAILABLE"
              },
              {
                "description": "US West(Silicon Valley)",
                "name": "na-siliconvalley",
                "state": "AVAILABLE"
              },
              {
                "description": "Europe(Frankfurt)",
                "name": "eu-frankfurt",
                "state": "AVAILABLE"
              },
              {
                "description": "Europe(Northeastern Europe)",
                "name": "eu-moscow",
                "state": "AVAILABLE"
              },
              {
                "description": "South Asia(Mumbai)",
                "name": "ap-mumbai",
                "state": "AVAILABLE"
              },
              {
                "description": "US East(Virginia)",
                "name": "na-ashburn",
                "state": "AVAILABLE"
              },
              {
                "description": "South America(São Paulo)",
                "name": "sa-saopaulo",
                "state": "AVAILABLE"
              },
              {
                "description": "North America(Toronto)",
                "name": "na-toronto",
                "state": "AVAILABLE"
              }
            ],
            "result_output_file": null
          },
          "sensitive_attributes": []
        }
      ]
    },
    {
      "mode": "data",
      "type": "tencentcloud_availability_zones_by_product",
      "name": "default",
      "provider": "provider[\"registry.terraform.io/tencentcloudstack/tencentcloud\"]",
      "instances": [
        {
          "schema_version": 0,
          "attributes": {
            "id": "2645191311",
            "include_unavailable": null,
            "name": null,
            "product": "cvm",
            "result_output_file": null,
            "zones": [
              {
                "description": "Singapore Zone 1",
                "id": "900001",
                "name": "ap-singapore-1",
                "state": "AVAILABLE"
              },
              {
                "description": "Singapore Zone 2",
                "id": "900002",
                "name": "ap-singapore-2",
                "state": "AVAILABLE"
              },
              {
                "description": "Singapore Zone 3",
                "id": "900003",
                "name": "ap-singapore-3",
                "state": "AVAILABLE"
              },
              {
                "description": "Singapore Zone 4",
                "id": "900004",
                "name": "ap-singapore-4",
                "state": "AVAILABLE"
              }
            ]
          },
          "sensitive_attributes": []
        }
      ]
    },
    {
      "mode": "data",
      "type": "tencentcloud_images",
      "name": "ubuntu",
      "provider": "provider[\"registry.terraform.io/tencentcloudstack/tencentcloud\"]",
      "instances": [
        {
          "schema_version": 0,
          "attributes": {
            "id": "560413847",
            "image_id": null,
            "image_name_regex": "^Ubuntu Server 20.*64",
            "image_type": [
              "PUBLIC_IMAGE"
            ],
            "images": [
              {
                "architecture": "x86_64",
                "created_time": "",
                "image_creator": "",
                "image_description": "Ubuntu Server 20.04 LTS 64bit",
                "image_id": "img-22trbn9x",
                "image_name": "Ubuntu Server 20.04 LTS 64bit",
                "image_size": 10,
                "image_source": "OFFICIAL",
                "image_state": "NORMAL",
                "image_type": "PUBLIC_IMAGE",
                "os_name": "Ubuntu Server 20.04 LTS 64bit",
                "platform": "Ubuntu",
                "snapshots": [],
                "support_cloud_init": true,
                "sync_percent": 0
              },
              {
                "architecture": "x86_64",
                "created_time": "",
                "image_creator": "",
                "image_description": "Ubuntu Server 20.04 LTS 64bit GRID11.1",
                "image_id": "img-j10l2cnz",
                "image_name": "Ubuntu Server 20.04 LTS 64bit GRID11.1",
                "image_size": 10,
                "image_source": "OFFICIAL",
                "image_state": "NORMAL",
                "image_type": "PUBLIC_IMAGE",
                "os_name": "Ubuntu Server 20.04 LTS 64bit GRID11.1",
                "platform": "Ubuntu",
                "snapshots": [],
                "support_cloud_init": true,
                "sync_percent": 0
              }
            ],
            "os_name": null,
            "result_output_file": null
          },
          "sensitive_attributes": []
        }
      ]
    },
    {
      "mode": "managed",
      "type": "null_resource",
      "name": "configure-cat-app",
      "provider": "provider[\"registry.terraform.io/hashicorp/null\"]",
      "instances": [
        {
          "schema_version": 0,
          "attributes": {
            "id": "5949015029110829844",
            "triggers": {
              "build_number": "2022-04-25T16:41:51Z"
            }
          },
          "sensitive_attributes": [],
          "private": "bnVsbA==",
          "dependencies": [
            "tencentcloud_eip.hashicat",
            "tencentcloud_eip_association.hashicat",
            "tls_private_key.hashicat"
          ]
        }
      ]
    },
    {
      "mode": "managed",
      "type": "tencentcloud_eip",
      "name": "hashicat",
      "provider": "provider[\"registry.terraform.io/tencentcloudstack/tencentcloud\"]",
      "instances": [
        {
          "schema_version": 0,
          "attributes": {
            "anycast_zone": null,
            "applicable_for_clb": null,
            "id": "eip-mfe4dze6",
            "internet_charge_type": "BANDWIDTH_POSTPAID_BY_HOUR",
            "internet_max_bandwidth_out": 2,
            "internet_service_provider": "BGP",
            "name": "wycat_tic",
            "public_ip": "43.133.36.207",
            "status": "BIND",
            "tags": {},
            "type": "EIP"
          },
          "sensitive_attributes": [],
          "private": "bnVsbA=="
        }
      ]
    },
    {
      "mode": "managed",
      "type": "tencentcloud_eip_association",
      "name": "hashicat",
      "provider": "provider[\"registry.terraform.io/tencentcloudstack/tencentcloud\"]",
      "instances": [
        {
          "schema_version": 0,
          "attributes": {
            "eip_id": "eip-mfe4dze6",
            "id": "eip-mfe4dze6::ins-20c0mnqi",
            "instance_id": "ins-20c0mnqi",
            "network_interface_id": null,
            "private_ip": null
          },
          "sensitive_attributes": [],
          "private": "bnVsbA==",
          "dependencies": [
            "data.tencentcloud_availability_zones_by_product.default",
            "data.tencentcloud_images.ubuntu",
            "tencentcloud_eip.hashicat",
            "tencentcloud_instance.hashicat",
            "tencentcloud_key_pair.hashicat",
            "tencentcloud_security_group.hashicat",
            "tencentcloud_subnet.hashicat",
            "tencentcloud_vpc.hashicat",
            "tls_private_key.hashicat"
          ]
        }
      ]
    },
    {
      "mode": "managed",
      "type": "tencentcloud_instance",
      "name": "hashicat",
      "provider": "provider[\"registry.terraform.io/tencentcloudstack/tencentcloud\"]",
      "instances": [
        {
          "schema_version": 0,
          "attributes": {
            "allocate_public_ip": true,
            "availability_zone": "ap-singapore-1",
            "bandwidth_package_id": null,
            "cam_role_name": "",
            "cdh_host_id": null,
            "cdh_instance_type": null,
            "create_time": "2022-04-25T16:33:58Z",
            "data_disks": [
              {
                "data_disk_id": "disk-qhbq28v6",
                "data_disk_size": 50,
                "data_disk_snapshot_id": "",
                "data_disk_type": "CLOUD_PREMIUM",
                "delete_with_instance": true,
                "encrypt": false,
                "throughput_performance": 0
              }
            ],
            "disable_monitor_service": false,
            "disable_security_service": false,
            "expired_time": "",
            "force_delete": false,
            "hostname": null,
            "id": "ins-20c0mnqi",
            "image_id": "img-22trbn9x",
            "instance_charge_type": "POSTPAID_BY_HOUR",
            "instance_charge_type_prepaid_period": null,
            "instance_charge_type_prepaid_renew_flag": "",
            "instance_count": null,
            "instance_name": "wycat_tic-hashicat",
            "instance_status": "RUNNING",
            "instance_type": "S5.MEDIUM4",
            "internet_charge_type": "TRAFFIC_POSTPAID_BY_HOUR",
            "internet_max_bandwidth_out": 2,
            "keep_image_login": null,
            "key_name": "skey-ljs8ixuf",
            "password": null,
            "placement_group_id": null,
            "private_ip": "10.0.10.16",
            "project_id": 0,
            "public_ip": "43.133.36.207",
            "running_flag": true,
            "security_groups": [
              "sg-l68z7v3s"
            ],
            "spot_instance_type": null,
            "spot_max_price": null,
            "stopped_mode": null,
            "subnet_id": "subnet-fj65ju4g",
            "system_disk_id": "disk-m7w1big6",
            "system_disk_size": 50,
            "system_disk_type": "CLOUD_PREMIUM",
            "tags": {
              "Billable": "true",
              "Department": "devops"
            },
            "user_data": null,
            "user_data_raw": null,
            "vpc_id": "vpc-8e4aim8v"
          },
          "sensitive_attributes": [],
          "private": "bnVsbA==",
          "dependencies": [
            "data.tencentcloud_availability_zones_by_product.default",
            "data.tencentcloud_images.ubuntu",
            "tencentcloud_key_pair.hashicat",
            "tencentcloud_security_group.hashicat",
            "tencentcloud_subnet.hashicat",
            "tencentcloud_vpc.hashicat",
            "tls_private_key.hashicat"
          ]
        }
      ]
    },
    {
      "mode": "managed",
      "type": "tencentcloud_key_pair",
      "name": "hashicat",
      "provider": "provider[\"registry.terraform.io/tencentcloudstack/tencentcloud\"]",
      "instances": [
        {
          "schema_version": 0,
          "attributes": {
            "id": "skey-ljs8ixuf",
            "key_name": "wycat_tic_key",
            "project_id": 0,
            "public_key": "ssh-rsa AAAAB3NzaC1yc2EAAAADAQABAAABAQDdFjcdFzlHg3cR4tZJhO5Gr6R+AqevH0vTzlsLPeHk96gf8VdyfW+JZTG67TElAclBniA9+bJoshifqtC8wOAJRFS3F6jOhmbEM3X7kKkSPyd2+9uPYCTZ0ZavKO4QjhX+CJkCA/YJulkUvruMdwOR365Y/n2yvs+kKxMbC5jx+5lX22knQfPdHGzYz0kdcbe866LHVCNvwKjYxzdmXT73W4c0s3eW9kLTTpLUvd3t8T5D7pvd4bNRTLE6tlyuxD3s62w6VSulGJEMVM0/mSkI5JVucZhxGqvEDTjpgMr218ocUpGPC9CcdTuPi7c5JUezzf3hFerWV+22ClfbFIbB"
          },
          "sensitive_attributes": [],
          "private": "bnVsbA==",
          "dependencies": [
            "tls_private_key.hashicat"
          ]
        }
      ]
    },
    {
      "mode": "managed",
      "type": "tencentcloud_security_group",
      "name": "hashicat",
      "provider": "provider[\"registry.terraform.io/tencentcloudstack/tencentcloud\"]",
      "instances": [
        {
          "schema_version": 0,
          "attributes": {
            "description": "hashicat",
            "id": "sg-l68z7v3s",
            "name": "wycat_tic-security-group",
            "project_id": 0,
            "tags": {}
          },
          "sensitive_attributes": [],
          "private": "bnVsbA=="
        }
      ]
    },
    {
      "mode": "managed",
      "type": "tencentcloud_security_group_rule",
      "name": "allow_all_outbound",
      "provider": "provider[\"registry.terraform.io/tencentcloudstack/tencentcloud\"]",
      "instances": [
        {
          "schema_version": 0,
          "attributes": {
            "address_template": [],
            "cidr_ip": "0.0.0.0/0",
            "description": "",
            "id": "eyJzZ19pZCI6InNnLWw2OHo3djNzIiwicG9saWN5X3R5cGUiOiJlZ3Jlc3MiLCJjaWRyX2lwIjoiMC4wLjAuMC8wIiwicHJvdG9jb2wiOiJBTEwiLCJwb3J0X3JhbmdlIjoiQUxMIiwiYWN0aW9uIjoiQUNDRVBUIiwic291cmNlX3NnX2lkIjoiIiwiZGVzY3JpcHRpb24iOiIifQ==",
            "ip_protocol": "ALL",
            "policy": "ACCEPT",
            "port_range": "ALL",
            "protocol_template": [],
            "security_group_id": "sg-l68z7v3s",
            "source_sgid": null,
            "type": "egress"
          },
          "sensitive_attributes": [],
          "private": "bnVsbA==",
          "dependencies": [
            "tencentcloud_security_group.hashicat"
          ]
        }
      ]
    },
    {
      "mode": "managed",
      "type": "tencentcloud_security_group_rule",
      "name": "allow_http",
      "provider": "provider[\"registry.terraform.io/tencentcloudstack/tencentcloud\"]",
      "instances": [
        {
          "schema_version": 0,
          "attributes": {
            "address_template": [],
            "cidr_ip": "0.0.0.0/0",
            "description": "",
            "id": "eyJzZ19pZCI6InNnLWw2OHo3djNzIiwicG9saWN5X3R5cGUiOiJpbmdyZXNzIiwiY2lkcl9pcCI6IjAuMC4wLjAvMCIsInByb3RvY29sIjoidGNwIiwicG9ydF9yYW5nZSI6IjgwIiwiYWN0aW9uIjoiQUNDRVBUIiwic291cmNlX3NnX2lkIjoiIiwiZGVzY3JpcHRpb24iOiIifQ==",
            "ip_protocol": "tcp",
            "policy": "ACCEPT",
            "port_range": "80",
            "protocol_template": [],
            "security_group_id": "sg-l68z7v3s",
            "source_sgid": null,
            "type": "ingress"
          },
          "sensitive_attributes": [],
          "private": "bnVsbA==",
          "dependencies": [
            "tencentcloud_security_group.hashicat"
          ]
        }
      ]
    },
    {
      "mode": "managed",
      "type": "tencentcloud_security_group_rule",
      "name": "allow_https",
      "provider": "provider[\"registry.terraform.io/tencentcloudstack/tencentcloud\"]",
      "instances": [
        {
          "schema_version": 0,
          "attributes": {
            "address_template": [],
            "cidr_ip": "0.0.0.0/0",
            "description": "",
            "id": "eyJzZ19pZCI6InNnLWw2OHo3djNzIiwicG9saWN5X3R5cGUiOiJpbmdyZXNzIiwiY2lkcl9pcCI6IjAuMC4wLjAvMCIsInByb3RvY29sIjoidGNwIiwicG9ydF9yYW5nZSI6IjQ0MyIsImFjdGlvbiI6IkFDQ0VQVCIsInNvdXJjZV9zZ19pZCI6IiIsImRlc2NyaXB0aW9uIjoiIn0=",
            "ip_protocol": "tcp",
            "policy": "ACCEPT",
            "port_range": "443",
            "protocol_template": [],
            "security_group_id": "sg-l68z7v3s",
            "source_sgid": null,
            "type": "ingress"
          },
          "sensitive_attributes": [],
          "private": "bnVsbA==",
          "dependencies": [
            "tencentcloud_security_group.hashicat"
          ]
        }
      ]
    },
    {
      "mode": "managed",
      "type": "tencentcloud_security_group_rule",
      "name": "allow_ssh",
      "provider": "provider[\"registry.terraform.io/tencentcloudstack/tencentcloud\"]",
      "instances": [
        {
          "schema_version": 0,
          "attributes": {
            "address_template": [],
            "cidr_ip": "0.0.0.0/0",
            "description": "放通Linux SSH登录",
            "id": "eyJzZ19pZCI6InNnLWw2OHo3djNzIiwicG9saWN5X3R5cGUiOiJpbmdyZXNzIiwiY2lkcl9pcCI6IjAuMC4wLjAvMCIsInByb3RvY29sIjoidGNwIiwicG9ydF9yYW5nZSI6IjIyIiwiYWN0aW9uIjoiQUNDRVBUIiwic291cmNlX3NnX2lkIjoiIiwiZGVzY3JpcHRpb24iOiIifQ==",
            "ip_protocol": "tcp",
            "policy": "ACCEPT",
            "port_range": "22",
            "protocol_template": [],
            "security_group_id": "sg-l68z7v3s",
            "source_sgid": null,
            "type": "ingress"
          },
          "sensitive_attributes": [],
          "private": "bnVsbA==",
          "dependencies": [
            "tencentcloud_security_group.hashicat"
          ]
        }
      ]
    },
    {
      "mode": "managed",
      "type": "tencentcloud_subnet",
      "name": "hashicat",
      "provider": "provider[\"registry.terraform.io/tencentcloudstack/tencentcloud\"]",
      "instances": [
        {
          "schema_version": 0,
          "attributes": {
            "availability_zone": "ap-singapore-1",
            "available_ip_count": 252,
            "cidr_block": "10.0.10.0/24",
            "create_time": "2022-04-25 23:48:40",
            "id": "subnet-fj65ju4g",
            "is_default": false,
            "is_multicast": true,
            "name": "wycat_tic-vswitch",
            "route_table_id": "rtb-gs2zq9w8",
            "tags": {},
            "vpc_id": "vpc-8e4aim8v"
          },
          "sensitive_attributes": [],
          "private": "bnVsbA==",
          "dependencies": [
            "data.tencentcloud_availability_zones_by_product.default",
            "tencentcloud_vpc.hashicat"
          ]
        }
      ]
    },
    {
      "mode": "managed",
      "type": "tencentcloud_vpc",
      "name": "hashicat",
      "provider": "provider[\"registry.terraform.io/tencentcloudstack/tencentcloud\"]",
      "instances": [
        {
          "schema_version": 0,
          "attributes": {
            "assistant_cidrs": [],
            "cidr_block": "10.0.0.0/16",
            "create_time": "2022-04-25 23:48:39",
            "default_route_table_id": "rtb-gs2zq9w8",
            "dns_servers": [
              "183.60.82.98",
              "183.60.83.19"
            ],
            "id": "vpc-8e4aim8v",
            "is_default": false,
            "is_multicast": true,
            "name": "wycat_tic-vpc",
            "tags": {}
          },
          "sensitive_attributes": [],
          "private": "bnVsbA=="
        }
      ]
    },
    {
      "mode": "managed",
      "type": "tls_private_key",
      "name": "hashicat",
      "provider": "provider[\"registry.terraform.io/hashicorp/tls\"]",
      "instances": [
        {
          "schema_version": 0,
          "attributes": {
            "algorithm": "RSA",
            "ecdsa_curve": "P224",
            "id": "3f82acf108c4d9242fd3ca39c32bf45871eac6d6",
            "private_key_openssh": "-----BEGIN OPENSSH PRIVATE KEY-----\nb3BlbnNzaC1rZXktdjEAAAAABG5vbmUAAAAEbm9uZQAAAAAAAAABAAABFwAAAAdz\nc2gtcnNhAAAAAwEAAQAAAQEA3RY3HRc5R4N3EeLWSYTuRq+kfgKnrx9L085bCz3h\n5PeoH/FXcn1viWUxuu0xJQHJQZ4gPfmyaLIYn6rQvMDgCURUtxeozoZmxDN1+5Cp\nEj8ndvvbj2Ak2dGWryjuEI4V/giZAgP2CbpZFL67jHcDkd+uWP59sr7PpCsTGwuY\n8fuZV9tpJ0Hz3Rxs2M9JHXG3vOuix1Qjb8Co2Mc3Zl0+91uHNLN3lvZC006S1L3d\n7fE+Q+6b3eGzUUyxOrZcrsQ97OtsOlUrpRiRDFTNP5kpCOSVbnGYcRqrxA046YDK\n9tfKHFKRjwvQnHU7j4u3OSVHs8394RXq1lfttgpX2xSGwQAAA7hzeqD4c3qg+AAA\nAAdzc2gtcnNhAAABAQDdFjcdFzlHg3cR4tZJhO5Gr6R+AqevH0vTzlsLPeHk96gf\n8VdyfW+JZTG67TElAclBniA9+bJoshifqtC8wOAJRFS3F6jOhmbEM3X7kKkSPyd2\n+9uPYCTZ0ZavKO4QjhX+CJkCA/YJulkUvruMdwOR365Y/n2yvs+kKxMbC5jx+5lX\n22knQfPdHGzYz0kdcbe866LHVCNvwKjYxzdmXT73W4c0s3eW9kLTTpLUvd3t8T5D\n7pvd4bNRTLE6tlyuxD3s62w6VSulGJEMVM0/mSkI5JVucZhxGqvEDTjpgMr218oc\nUpGPC9CcdTuPi7c5JUezzf3hFerWV+22ClfbFIbBAAAAAwEAAQAAAQA1OSDhdvLK\nHYLvol0V69N03tnJoBgAF5eokLfoN+iGt3wY3H/BxyKvv9W9+1XmY8ywaEG4ycDC\nZYV6AqQnnIMSmAmQ3jg8J6zbtMvFWOjqxJtakH0lwe59JXCSEFdnUt1Gf4leK9fy\nNZM2ZEhAI3KPjnqpX/KgskDIc7owu5UBQ671wG9SXK8/EkH9ytlszv8jTMvuuLNQ\nQ1LPxX9gWUAPT3WTkz4YmFefjLydBHRGrltVo1Vb1RmZdtb2as4kV3VMyazeYLFH\nxuenHegzJuodlSx4LRye39E0LGMATejPRYncv9k277rV8AyZaMCmSxabEZ3hT/yh\nD7Dc7CYv1luxAAAAgDeAoJ5XjWdFXD0dvls+8c1+eL1bhJ5En8Wtnh5tClrvq1iR\nWlNEX7Vw1vFWAA/38WKPY1YITByVEWhDim8NPUbEHxD5Gbr+G2QWqkutFzUjbELg\nsDsR9vKc/uZal5uiI8gWoEst4gIcoxygCU1aG2isOJVRoYaaZcAgh9vkv6IVAAAA\ngQDsm9u2/oOqVGq8f0rugzfJDrsJDrgnkrT5ywcenyKKpV4i4D4I8Sgc35YdBGQa\ntgh6uu4oGkxU0mj2PSKvQR+WHiup2cksC1VCbn2uN76h8381EsOM9gp6pHyJyTr6\nbJwgoOC9kw5HVpV++FnhQdDTrIXfDDVIehUYjG80vVgYvQAAAIEA7zSy4VDOOkkM\nBNJ8TV4RsT5PxGMzZ92Fp5JpDqv93avwbdZ/f22bY6lubxFZ/CddUOXBfqpP2Wp0\nJwlLwQsXjwa6zLZbnhs2T6NyCxqgG/NQ/tl4xxZ0OY+hLul6e5v+uwzqsn8+n33v\n6/KCfrvM5s9IGuPGdl7aIGSrQ6IykFUAAAAAAQID\n-----END OPENSSH PRIVATE KEY-----\n",
            "private_key_pem": "-----BEGIN RSA PRIVATE KEY-----\nMIIEogIBAAKCAQEA3RY3HRc5R4N3EeLWSYTuRq+kfgKnrx9L085bCz3h5PeoH/FX\ncn1viWUxuu0xJQHJQZ4gPfmyaLIYn6rQvMDgCURUtxeozoZmxDN1+5CpEj8ndvvb\nj2Ak2dGWryjuEI4V/giZAgP2CbpZFL67jHcDkd+uWP59sr7PpCsTGwuY8fuZV9tp\nJ0Hz3Rxs2M9JHXG3vOuix1Qjb8Co2Mc3Zl0+91uHNLN3lvZC006S1L3d7fE+Q+6b\n3eGzUUyxOrZcrsQ97OtsOlUrpRiRDFTNP5kpCOSVbnGYcRqrxA046YDK9tfKHFKR\njwvQnHU7j4u3OSVHs8394RXq1lfttgpX2xSGwQIDAQABAoIBADU5IOF28sodgu+i\nXRXr03Te2cmgGAAXl6iQt+g36Ia3fBjcf8HHIq+/1b37VeZjzLBoQbjJwMJlhXoC\npCecgxKYCZDeODwnrNu0y8VY6OrEm1qQfSXB7n0lcJIQV2dS3UZ/iV4r1/I1kzZk\nSEAjco+Oeqlf8qCyQMhzujC7lQFDrvXAb1Jcrz8SQf3K2WzO/yNMy+64s1BDUs/F\nf2BZQA9PdZOTPhiYV5+MvJ0EdEauW1WjVVvVGZl21vZqziRXdUzJrN5gsUfG56cd\n6DMm6h2VLHgtHJ7f0TQsYwBN6M9Fidy/2TbvutXwDJlowKZLFpsRneFP/KEPsNzs\nJi/WW7ECgYEA7Jvbtv6DqlRqvH9K7oM3yQ67CQ64J5K0+csHHp8iiqVeIuA+CPEo\nHN+WHQRkGrYIerruKBpMVNJo9j0ir0Eflh4rqdnJLAtVQm59rje+ofN/NRLDjPYK\neqR8ick6+mycIKDgvZMOR1aVfvhZ4UHQ06yF3ww1SHoVGIxvNL1YGL0CgYEA7zSy\n4VDOOkkMBNJ8TV4RsT5PxGMzZ92Fp5JpDqv93avwbdZ/f22bY6lubxFZ/CddUOXB\nfqpP2Wp0JwlLwQsXjwa6zLZbnhs2T6NyCxqgG/NQ/tl4xxZ0OY+hLul6e5v+uwzq\nsn8+n33v6/KCfrvM5s9IGuPGdl7aIGSrQ6IykFUCgYB5k8B7MB5hiEzsHJBZLE2e\n3xXWGp0foG+jpuI6ptRt33kWfJkDqT7OT0joEhiJ7R1ASwsSyiiMsS1D0bgfy1u6\nnDgdZ43KNuyRXQrxWS14NBEaKVEX/lj2GczwU9kdUm+LCH9SidydZW0dt+kfKN1v\n1sdXDAPZAPoUCh0eQWiiFQKBgBPb+zHrpIOARwgrdXhy4+MkOjkix0TLRmpoJGK8\ncsIxoS9tTH6G2gzHJ0z/Uso1dnDd8leSyjhRtzz6b5iiVB1iwKV4SljxB2xLNI+p\ncTuA0uuloHpe6d1RiF89sRaMF/TtmJqjJ87UBNRA+QaOju9mrCTXXkW7kD56PSHL\nWIlVAoGAN4CgnleNZ0VcPR2+Wz7xzX54vVuEnkSfxa2eHm0KWu+rWJFaU0RftXDW\n8VYAD/fxYo9jVghMHJURaEOKbw09RsQfEPkZuv4bZBaqS60XNSNsQuCwOxH28pz+\n5lqXm6IjyBagSy3iAhyjHKAJTVobaKw4lVGhhpplwCCH2+S/ohU=\n-----END RSA PRIVATE KEY-----\n",
            "public_key_fingerprint_md5": "8d:bf:ad:0e:e5:a4:78:27:b5:a0:fe:1c:6b:dc:97:e9",
            "public_key_fingerprint_sha256": "SHA256:JI4XL8z6GG48jlwdTaER2gXfj0WB7mzNLVkTwDrZ0go",
            "public_key_openssh": "ssh-rsa AAAAB3NzaC1yc2EAAAADAQABAAABAQDdFjcdFzlHg3cR4tZJhO5Gr6R+AqevH0vTzlsLPeHk96gf8VdyfW+JZTG67TElAclBniA9+bJoshifqtC8wOAJRFS3F6jOhmbEM3X7kKkSPyd2+9uPYCTZ0ZavKO4QjhX+CJkCA/YJulkUvruMdwOR365Y/n2yvs+kKxMbC5jx+5lX22knQfPdHGzYz0kdcbe866LHVCNvwKjYxzdmXT73W4c0s3eW9kLTTpLUvd3t8T5D7pvd4bNRTLE6tlyuxD3s62w6VSulGJEMVM0/mSkI5JVucZhxGqvEDTjpgMr218ocUpGPC9CcdTuPi7c5JUezzf3hFerWV+22ClfbFIbB\n",
            "public_key_pem": "-----BEGIN PUBLIC KEY-----\nMIIBIjANBgkqhkiG9w0BAQEFAAOCAQ8AMIIBCgKCAQEA3RY3HRc5R4N3EeLWSYTu\nRq+kfgKnrx9L085bCz3h5PeoH/FXcn1viWUxuu0xJQHJQZ4gPfmyaLIYn6rQvMDg\nCURUtxeozoZmxDN1+5CpEj8ndvvbj2Ak2dGWryjuEI4V/giZAgP2CbpZFL67jHcD\nkd+uWP59sr7PpCsTGwuY8fuZV9tpJ0Hz3Rxs2M9JHXG3vOuix1Qjb8Co2Mc3Zl0+\n91uHNLN3lvZC006S1L3d7fE+Q+6b3eGzUUyxOrZcrsQ97OtsOlUrpRiRDFTNP5kp\nCOSVbnGYcRqrxA046YDK9tfKHFKRjwvQnHU7j4u3OSVHs8394RXq1lfttgpX2xSG\nwQIDAQAB\n-----END PUBLIC KEY-----\n",
            "rsa_bits": 2048
          },
          "sensitive_attributes": [],
          "private": "bnVsbA=="
        }
      ]
    }
  ]
}
